
Microsoft Visual Studio Solution File, Format Version 12.00
Project("{FAE04EC0-301F-11D3-BF4B-00C04F79EFBC}") = "Schach_Ferien", "Schach_Ferien\Schach_Ferien.csproj", "{BC028343-12DE-4608-9389-0803B450B84F}"
EndProject
Global
	GlobalSection(SolutionConfigurationPlatforms) = preSolution
		Debug|Any CPU = Debug|Any CPU
		Release|Any CPU = Release|Any CPU
	EndGlobalSection
	GlobalSection(ProjectConfigurationPlatforms) = postSolution
		{BC028343-12DE-4608-9389-0803B450B84F}.Debug|Any CPU.ActiveCfg = Debug|Any CPU
		{BC028343-12DE-4608-9389-0803B450B84F}.Debug|Any CPU.Build.0 = Debug|Any CPU
		{BC028343-12DE-4608-9389-0803B450B84F}.Release|Any CPU.ActiveCfg = Release|Any CPU
		{BC028343-12DE-4608-9389-0803B450B84F}.Release|Any CPU.Build.0 = Release|Any CPU
	EndGlobalSection
EndGlobal
